# This file is automatically @generated by Poetry 2.1.2 and should not be changed by hand.

[[package]]
name = "assetutilities"
version = "0.0.5"
description = "utilities for general use"
optional = false
python-versions = "*"
groups = ["main"]
files = []
develop = true

[package.source]
type = "directory"
url = "../assetutilities"

[extras]
build = []
dev = []

[metadata]
lock-version = "2.1"
python-versions = ">=3.9,<4.0"
content-hash = "072374f951a2a0d7cc71da3fdc184bca96fdaf73a638d624b90098b98f43810f"
